# This is a Gradle generated file for dependency locking.
# Manual edits can break the build and are not advised.
# This file is expected to be part of source control.
androidx.activity:activity-ktx:1.8.1=releaseRuntimeClasspath
androidx.activity:activity:1.8.1=releaseRuntimeClasspath
androidx.annotation:annotation-experimental:1.4.1=releaseRuntimeClasspath
androidx.annotation:annotation-jvm:1.10.0=releaseRuntimeClasspath
androidx.annotation:annotation:1.10.0=releaseRuntimeClasspath
androidx.appcompat:appcompat-resources:1.6.1=releaseRuntimeClasspath
androidx.appcompat:appcompat:1.6.1=releaseRuntimeClasspath
androidx.arch.core:core-common:2.2.0=releaseRuntimeClasspath
androidx.arch.core:core-runtime:2.2.0=releaseRuntimeClasspath
androidx.asynclayoutinflater:asynclayoutinflater:1.0.0=releaseRuntimeClasspath
androidx.biometric:biometric:1.1.0=releaseRuntimeClasspath
androidx.camera.featurecombinationquery:featurecombinationquery:1.6.1=releaseRuntimeClasspath
androidx.camera:camera-camera2-pipe:1.6.1=releaseRuntimeClasspath
androidx.camera:camera-camera2:1.6.1=releaseRuntimeClasspath
androidx.camera:camera-core:1.6.1=releaseRuntimeClasspath
androidx.camera:camera-lifecycle:1.6.1=releaseRuntimeClasspath
androidx.collection:collection-jvm:1.4.2=releaseRuntimeClasspath
androidx.collection:collection-ktx:1.4.2=releaseRuntimeClasspath
androidx.collection:collection:1.4.2=releaseRuntimeClasspath
androidx.concurrent:concurrent-futures-ktx:1.1.0=releaseRuntimeClasspath
androidx.concurrent:concurrent-futures:1.1.0=releaseRuntimeClasspath
androidx.coordinatorlayout:coordinatorlayout:1.0.0=releaseRuntimeClasspath
androidx.core:core-backported-fixes:1.0.0=releaseRuntimeClasspath
androidx.core:core-ktx:1.18.0=releaseRuntimeClasspath
androidx.core:core-viewtree:1.0.0=releaseRuntimeClasspath
androidx.core:core:1.18.0=releaseRuntimeClasspath
androidx.cursoradapter:cursoradapter:1.0.0=releaseRuntimeClasspath
androidx.customview:customview:1.1.0=releaseRuntimeClasspath
androidx.datastore:datastore-android:1.1.7=releaseRuntimeClasspath
androidx.datastore:datastore-core-android:1.1.7=releaseRuntimeClasspath
androidx.datastore:datastore-core-okio-jvm:1.1.7=releaseRuntimeClasspath
androidx.datastore:datastore-core-okio:1.1.7=releaseRuntimeClasspath
androidx.datastore:datastore-core:1.1.7=releaseRuntimeClasspath
androidx.datastore:datastore-preferences-android:1.1.7=releaseRuntimeClasspath
androidx.datastore:datastore-preferences-core-android:1.1.7=releaseRuntimeClasspath
androidx.datastore:datastore-preferences-core:1.1.7=releaseRuntimeClasspath
androidx.datastore:datastore-preferences-external-protobuf:1.1.7=releaseRuntimeClasspath
androidx.datastore:datastore-preferences-proto:1.1.7=releaseRuntimeClasspath
androidx.datastore:datastore-preferences:1.1.7=releaseRuntimeClasspath
androidx.datastore:datastore:1.1.7=releaseRuntimeClasspath
androidx.documentfile:documentfile:1.0.0=releaseRuntimeClasspath
androidx.drawerlayout:drawerlayout:1.0.0=releaseRuntimeClasspath
androidx.emoji2:emoji2-views-helper:1.2.0=releaseRuntimeClasspath
androidx.emoji2:emoji2:1.2.0=releaseRuntimeClasspath
androidx.exifinterface:exifinterface:1.4.2=releaseRuntimeClasspath
androidx.fragment:fragment-ktx:1.8.9=releaseRuntimeClasspath
androidx.fragment:fragment:1.8.9=releaseRuntimeClasspath
androidx.interpolator:interpolator:1.0.0=releaseRuntimeClasspath
androidx.legacy:legacy-support-core-ui:1.0.0=releaseRuntimeClasspath
androidx.legacy:legacy-support-core-utils:1.0.0=releaseRuntimeClasspath
androidx.lifecycle:lifecycle-common-java8:2.7.0=releaseRuntimeClasspath
androidx.lifecycle:lifecycle-common:2.7.0=releaseRuntimeClasspath
androidx.lifecycle:lifecycle-livedata-core-ktx:2.7.0=releaseRuntimeClasspath
androidx.lifecycle:lifecycle-livedata-core:2.7.0=releaseRuntimeClasspath
androidx.lifecycle:lifecycle-livedata:2.7.0=releaseRuntimeClasspath
androidx.lifecycle:lifecycle-process:2.7.0=releaseRuntimeClasspath
androidx.lifecycle:lifecycle-runtime-ktx:2.7.0=releaseRuntimeClasspath
androidx.lifecycle:lifecycle-runtime:2.7.0=releaseRuntimeClasspath
androidx.lifecycle:lifecycle-viewmodel-ktx:2.7.0=releaseRuntimeClasspath
androidx.lifecycle:lifecycle-viewmodel-savedstate:2.7.0=releaseRuntimeClasspath
androidx.lifecycle:lifecycle-viewmodel:2.7.0=releaseRuntimeClasspath
androidx.loader:loader:1.0.0=releaseRuntimeClasspath
androidx.localbroadcastmanager:localbroadcastmanager:1.0.0=releaseRuntimeClasspath
androidx.preference:preference:1.2.1=releaseRuntimeClasspath
androidx.print:print:1.0.0=releaseRuntimeClasspath
androidx.profileinstaller:profileinstaller:1.3.1=releaseRuntimeClasspath
androidx.recyclerview:recyclerview:1.0.0=releaseRuntimeClasspath
androidx.resourceinspection:resourceinspection-annotation:1.0.1=releaseRuntimeClasspath
androidx.savedstate:savedstate-ktx:1.2.1=releaseRuntimeClasspath
androidx.savedstate:savedstate:1.2.1=releaseRuntimeClasspath
androidx.slidingpanelayout:slidingpanelayout:1.2.0=releaseRuntimeClasspath
androidx.startup:startup-runtime:1.1.1=releaseRuntimeClasspath
androidx.swiperefreshlayout:swiperefreshlayout:1.0.0=releaseRuntimeClasspath
androidx.tracing:tracing-android:1.3.0=releaseRuntimeClasspath
androidx.tracing:tracing-ktx:1.3.0=releaseRuntimeClasspath
androidx.tracing:tracing:1.3.0=releaseRuntimeClasspath
androidx.transition:transition:1.4.1=releaseRuntimeClasspath
androidx.vectordrawable:vectordrawable-animated:1.1.0=releaseRuntimeClasspath
androidx.vectordrawable:vectordrawable:1.1.0=releaseRuntimeClasspath
androidx.versionedparcelable:versionedparcelable:1.1.1=releaseRuntimeClasspath
androidx.viewpager:viewpager:1.0.0=releaseRuntimeClasspath
androidx.window.extensions.core:core:1.0.0=releaseRuntimeClasspath
androidx.window:window-java:1.2.0=releaseRuntimeClasspath
androidx.window:window:1.2.0=releaseRuntimeClasspath
com.getkeepsafe.relinker:relinker:1.4.5=releaseRuntimeClasspath
com.google.android.datatransport:transport-api:2.2.1=releaseRuntimeClasspath
com.google.android.datatransport:transport-backend-cct:2.3.3=releaseRuntimeClasspath
com.google.android.datatransport:transport-runtime:2.2.6=releaseRuntimeClasspath
com.google.android.gms:play-services-base:18.5.0=releaseRuntimeClasspath
com.google.android.gms:play-services-basement:18.4.0=releaseRuntimeClasspath
com.google.android.gms:play-services-mlkit-barcode-scanning:18.3.1=releaseRuntimeClasspath
com.google.android.gms:play-services-tasks:18.2.0=releaseRuntimeClasspath
com.google.android.odml:image:1.0.0-beta1=releaseRuntimeClasspath
com.google.auto.value:auto-value-annotations:1.6.3=releaseRuntimeClasspath
com.google.code.findbugs:jsr305:3.0.2=releaseRuntimeClasspath
com.google.code.gson:gson:2.13.2=releaseRuntimeClasspath
com.google.crypto.tink:tink-android:1.21.0=releaseRuntimeClasspath
com.google.dagger:dagger:2.59=releaseRuntimeClasspath
com.google.errorprone:error_prone_annotations:2.41.0=releaseRuntimeClasspath
com.google.firebase:firebase-annotations:16.0.0=releaseRuntimeClasspath
com.google.firebase:firebase-components:16.1.0=releaseRuntimeClasspath
com.google.firebase:firebase-encoders-json:17.1.0=releaseRuntimeClasspath
com.google.firebase:firebase-encoders:16.1.0=releaseRuntimeClasspath
com.google.guava:listenablefuture:1.0=releaseRuntimeClasspath
com.google.mlkit:barcode-scanning-common:17.0.0=releaseRuntimeClasspath
com.google.mlkit:barcode-scanning:17.3.0=releaseRuntimeClasspath
com.google.mlkit:common:18.11.0=releaseRuntimeClasspath
com.google.mlkit:vision-common:17.3.0=releaseRuntimeClasspath
com.google.mlkit:vision-interfaces:16.3.0=releaseRuntimeClasspath
com.google.protobuf:protobuf-javalite:3.25.8=releaseRuntimeClasspath
com.lambdapioneer.argon2kt:argon2kt:1.5.0=releaseRuntimeClasspath
com.squareup.okio:okio-jvm:3.4.0=releaseRuntimeClasspath
com.squareup.okio:okio:3.4.0=releaseRuntimeClasspath
com.trustwallet:wallet-core-proto:4.7.0=releaseRuntimeClasspath
com.trustwallet:wallet-core:4.7.0=releaseRuntimeClasspath
io.flutter:arm64_v8a_release:1.0.0-77e2e94772b6eb43759e34ed1ad7da4674e19cab=releaseRuntimeClasspath
io.flutter:armeabi_v7a_release:1.0.0-77e2e94772b6eb43759e34ed1ad7da4674e19cab=releaseRuntimeClasspath
io.flutter:flutter_embedding_release:1.0.0-77e2e94772b6eb43759e34ed1ad7da4674e19cab=releaseRuntimeClasspath
io.flutter:x86_64_release:1.0.0-77e2e94772b6eb43759e34ed1ad7da4674e19cab=releaseRuntimeClasspath
jakarta.inject:jakarta.inject-api:2.0.1=releaseRuntimeClasspath
javax.inject:javax.inject:1=releaseRuntimeClasspath
org.jetbrains.kotlin:kotlin-android-extensions-runtime:1.9.22=releaseRuntimeClasspath
org.jetbrains.kotlin:kotlin-parcelize-runtime:1.9.22=releaseRuntimeClasspath
org.jetbrains.kotlin:kotlin-stdlib-jdk7:1.8.21=releaseRuntimeClasspath
org.jetbrains.kotlin:kotlin-stdlib-jdk8:1.8.21=releaseRuntimeClasspath
org.jetbrains.kotlin:kotlin-stdlib:2.3.20=releaseRuntimeClasspath
org.jetbrains.kotlinx:atomicfu-jvm:0.28.0=releaseRuntimeClasspath
org.jetbrains.kotlinx:atomicfu:0.28.0=releaseRuntimeClasspath
org.jetbrains.kotlinx:kotlinx-coroutines-android:1.11.0=releaseRuntimeClasspath
org.jetbrains.kotlinx:kotlinx-coroutines-bom:1.11.0=releaseRuntimeClasspath
org.jetbrains.kotlinx:kotlinx-coroutines-core-jvm:1.11.0=releaseRuntimeClasspath
org.jetbrains.kotlinx:kotlinx-coroutines-core:1.11.0=releaseRuntimeClasspath
org.jetbrains:annotations:23.0.0=releaseRuntimeClasspath
org.jspecify:jspecify:1.0.0=releaseRuntimeClasspath
empty=
